
Microsoft Visual Studio Solution File, Format Version 12.00
# Visual Studio Version 17
VisualStudioVersion = 17.9.34714.143
MinimumVisualStudioVersion = 10.0.40219.1
Project("{FAE04EC0-301F-11D3-BF4B-00C04F79EFBC}") = "Kursova", "Kursova\Kursova.csproj", "{309793D7-C681-4FE7-8A0F-C97D04A9B7B2}"
EndProject
Global
	GlobalSection(SolutionConfigurationPlatforms) = preSolution
		Debug|Any CPU = Debug|Any CPU
		Release|Any CPU = Release|Any CPU
	EndGlobalSection
	GlobalSection(ProjectConfigurationPlatforms) = postSolution
		{309793D7-C681-4FE7-8A0F-C97D04A9B7B2}.Debug|Any CPU.ActiveCfg = Debug|Any CPU
		{309793D7-C681-4FE7-8A0F-C97D04A9B7B2}.Debug|Any CPU.Build.0 = Debug|Any CPU
		{309793D7-C681-4FE7-8A0F-C97D04A9B7B2}.Release|Any CPU.ActiveCfg = Release|Any CPU
		{309793D7-C681-4FE7-8A0F-C97D04A9B7B2}.Release|Any CPU.Build.0 = Release|Any CPU
	EndGlobalSection
	GlobalSection(SolutionProperties) = preSolution
		HideSolutionNode = FALSE
	EndGlobalSection
	GlobalSection(ExtensibilityGlobals) = postSolution
		SolutionGuid = {1BA0C906-6A43-43B3-B80B-6739AB27B61E}
	EndGlobalSection
EndGlobal
